
Microsoft Visual Studio Solution File, Format Version 12.00
# Visual Studio Version 17
VisualStudioVersion = 17.5.002.0
MinimumVisualStudioVersion = 10.0.40219.1
Project("{9A19103F-16F7-4668-BE54-9A1E7A4F7556}") = "ejercicio7", "ejercicio7.csproj", "{013DD562-7A64-463E-8D58-A140C28CA0F7}"
EndProject
Global
	GlobalSection(SolutionConfigurationPlatforms) = preSolution
		Debug|Any CPU = Debug|Any CPU
		Release|Any CPU = Release|Any CPU
	EndGlobalSection
	GlobalSection(ProjectConfigurationPlatforms) = postSolution
		{013DD562-7A64-463E-8D58-A140C28CA0F7}.Debug|Any CPU.ActiveCfg = Debug|Any CPU
		{013DD562-7A64-463E-8D58-A140C28CA0F7}.Debug|Any CPU.Build.0 = Debug|Any CPU
		{013DD562-7A64-463E-8D58-A140C28CA0F7}.Release|Any CPU.ActiveCfg = Release|Any CPU
		{013DD562-7A64-463E-8D58-A140C28CA0F7}.Release|Any CPU.Build.0 = Release|Any CPU
	EndGlobalSection
	GlobalSection(SolutionProperties) = preSolution
		HideSolutionNode = FALSE
	EndGlobalSection
	GlobalSection(ExtensibilityGlobals) = postSolution
		SolutionGuid = {97A0868D-748E-41AB-96DB-37719B277EBB}
	EndGlobalSection
EndGlobal
